
Microsoft Visual Studio Solution File, Format Version 12.00
# Visual Studio 14
VisualStudioVersion = 14.0.25420.1
MinimumVisualStudioVersion = 10.0.40219.1
Project("{FAE04EC0-301F-11D3-BF4B-00C04F79EFBC}") = "PMSM_calculation", "PMSM_calculation\PMSM_calculation.csproj", "{DA4F3AD2-933A-487D-835B-E5E0AD89848F}"
EndProject
Project("{FAE04EC0-301F-11D3-BF4B-00C04F79EFBC}") = "matlab_simulink_testlink", "matlab_simulink_testlink\matlab_simulink_testlink.csproj", "{27FE7085-C314-49F5-9D2A-33EBACEDCFAD}"
EndProject
Project("{8BC9CEB8-8B4A-11D0-8D11-00A0C91BC942}") = "testCpp", "testCpp\testCpp.vcxproj", "{FB38F34B-D62F-4880-A369-0AE12FEF02E2}"
EndProject
Project("{FAE04EC0-301F-11D3-BF4B-00C04F79EFBC}") = "Mathnet.Numerics.Optimization", "Mathnet.Numerics.Optimization\Mathnet.Numerics.Optimization.csproj", "{3142261A-D601-43D8-B144-A17EE373D577}"
EndProject
Project("{2150E333-8FDC-42A3-9474-1A3956D46DE8}") = "Solution Items", "Solution Items", "{D20EF1C9-51D5-425F-B154-FC4AC753E341}"
	ProjectSection(SolutionItems) = preProject
		license.txt = license.txt
		readme.md = readme.md
	EndProjectSection
EndProject
Global
	GlobalSection(SolutionConfigurationPlatforms) = preSolution
		Debug|Any CPU = Debug|Any CPU
		Debug|Mixed Platforms = Debug|Mixed Platforms
		Debug|x64 = Debug|x64
		Debug|x86 = Debug|x86
		Release|Any CPU = Release|Any CPU
		Release|Mixed Platforms = Release|Mixed Platforms
		Release|x64 = Release|x64
		Release|x86 = Release|x86
	EndGlobalSection
	GlobalSection(ProjectConfigurationPlatforms) = postSolution
		{DA4F3AD2-933A-487D-835B-E5E0AD89848F}.Debug|Any CPU.ActiveCfg = Debug|x86
		{DA4F3AD2-933A-487D-835B-E5E0AD89848F}.Debug|Any CPU.Build.0 = Debug|x86
		{DA4F3AD2-933A-487D-835B-E5E0AD89848F}.Debug|Mixed Platforms.ActiveCfg = Debug|x86
		{DA4F3AD2-933A-487D-835B-E5E0AD89848F}.Debug|Mixed Platforms.Build.0 = Debug|x86
		{DA4F3AD2-933A-487D-835B-E5E0AD89848F}.Debug|x64.ActiveCfg = Debug|x86
		{DA4F3AD2-933A-487D-835B-E5E0AD89848F}.Debug|x86.ActiveCfg = Debug|x86
		{DA4F3AD2-933A-487D-835B-E5E0AD89848F}.Debug|x86.Build.0 = Debug|x86
		{DA4F3AD2-933A-487D-835B-E5E0AD89848F}.Release|Any CPU.ActiveCfg = Release|x86
		{DA4F3AD2-933A-487D-835B-E5E0AD89848F}.Release|Mixed Platforms.ActiveCfg = Release|x86
		{DA4F3AD2-933A-487D-835B-E5E0AD89848F}.Release|Mixed Platforms.Build.0 = Release|x86
		{DA4F3AD2-933A-487D-835B-E5E0AD89848F}.Release|x64.ActiveCfg = Release|x86
		{DA4F3AD2-933A-487D-835B-E5E0AD89848F}.Release|x86.ActiveCfg = Release|x86
		{DA4F3AD2-933A-487D-835B-E5E0AD89848F}.Release|x86.Build.0 = Release|x86
		{27FE7085-C314-49F5-9D2A-33EBACEDCFAD}.Debug|Any CPU.ActiveCfg = Debug|x86
		{27FE7085-C314-49F5-9D2A-33EBACEDCFAD}.Debug|Any CPU.Build.0 = Debug|x86
		{27FE7085-C314-49F5-9D2A-33EBACEDCFAD}.Debug|Mixed Platforms.ActiveCfg = Debug|x86
		{27FE7085-C314-49F5-9D2A-33EBACEDCFAD}.Debug|Mixed Platforms.Build.0 = Debug|x86
		{27FE7085-C314-49F5-9D2A-33EBACEDCFAD}.Debug|x64.ActiveCfg = Debug|x86
		{27FE7085-C314-49F5-9D2A-33EBACEDCFAD}.Debug|x86.ActiveCfg = Debug|x86
		{27FE7085-C314-49F5-9D2A-33EBACEDCFAD}.Debug|x86.Build.0 = Debug|x86
		{27FE7085-C314-49F5-9D2A-33EBACEDCFAD}.Release|Any CPU.ActiveCfg = Release|x86
		{27FE7085-C314-49F5-9D2A-33EBACEDCFAD}.Release|Mixed Platforms.ActiveCfg = Release|x86
		{27FE7085-C314-49F5-9D2A-33EBACEDCFAD}.Release|Mixed Platforms.Build.0 = Release|x86
		{27FE7085-C314-49F5-9D2A-33EBACEDCFAD}.Release|x64.ActiveCfg = Release|x86
		{27FE7085-C314-49F5-9D2A-33EBACEDCFAD}.Release|x86.ActiveCfg = Release|x86
		{27FE7085-C314-49F5-9D2A-33EBACEDCFAD}.Release|x86.Build.0 = Release|x86
		{FB38F34B-D62F-4880-A369-0AE12FEF02E2}.Debug|Any CPU.ActiveCfg = Debug|Win32
		{FB38F34B-D62F-4880-A369-0AE12FEF02E2}.Debug|Any CPU.Build.0 = Debug|Win32
		{FB38F34B-D62F-4880-A369-0AE12FEF02E2}.Debug|Mixed Platforms.ActiveCfg = Debug|Win32
		{FB38F34B-D62F-4880-A369-0AE12FEF02E2}.Debug|Mixed Platforms.Build.0 = Debug|Win32
		{FB38F34B-D62F-4880-A369-0AE12FEF02E2}.Debug|x64.ActiveCfg = Debug|x64
		{FB38F34B-D62F-4880-A369-0AE12FEF02E2}.Debug|x64.Build.0 = Debug|x64
		{FB38F34B-D62F-4880-A369-0AE12FEF02E2}.Debug|x86.ActiveCfg = Debug|Win32
		{FB38F34B-D62F-4880-A369-0AE12FEF02E2}.Debug|x86.Build.0 = Debug|Win32
		{FB38F34B-D62F-4880-A369-0AE12FEF02E2}.Release|Any CPU.ActiveCfg = Release|Win32
		{FB38F34B-D62F-4880-A369-0AE12FEF02E2}.Release|Mixed Platforms.ActiveCfg = Release|Win32
		{FB38F34B-D62F-4880-A369-0AE12FEF02E2}.Release|Mixed Platforms.Build.0 = Release|Win32
		{FB38F34B-D62F-4880-A369-0AE12FEF02E2}.Release|x64.ActiveCfg = Release|x64
		{FB38F34B-D62F-4880-A369-0AE12FEF02E2}.Release|x64.Build.0 = Release|x64
		{FB38F34B-D62F-4880-A369-0AE12FEF02E2}.Release|x86.ActiveCfg = Release|Win32
		{FB38F34B-D62F-4880-A369-0AE12FEF02E2}.Release|x86.Build.0 = Release|Win32
		{3142261A-D601-43D8-B144-A17EE373D577}.Debug|Any CPU.ActiveCfg = Debug|Any CPU
		{3142261A-D601-43D8-B144-A17EE373D577}.Debug|Any CPU.Build.0 = Debug|Any CPU
		{3142261A-D601-43D8-B144-A17EE373D577}.Debug|Mixed Platforms.ActiveCfg = Debug|Any CPU
		{3142261A-D601-43D8-B144-A17EE373D577}.Debug|Mixed Platforms.Build.0 = Debug|Any CPU
		{3142261A-D601-43D8-B144-A17EE373D577}.Debug|x64.ActiveCfg = Debug|Any CPU
		{3142261A-D601-43D8-B144-A17EE373D577}.Debug|x64.Build.0 = Debug|Any CPU
		{3142261A-D601-43D8-B144-A17EE373D577}.Debug|x86.ActiveCfg = Debug|Any CPU
		{3142261A-D601-43D8-B144-A17EE373D577}.Debug|x86.Build.0 = Debug|Any CPU
		{3142261A-D601-43D8-B144-A17EE373D577}.Release|Any CPU.ActiveCfg = Release|Any CPU
		{3142261A-D601-43D8-B144-A17EE373D577}.Release|Any CPU.Build.0 = Release|Any CPU
		{3142261A-D601-43D8-B144-A17EE373D577}.Release|Mixed Platforms.ActiveCfg = Release|Any CPU
		{3142261A-D601-43D8-B144-A17EE373D577}.Release|Mixed Platforms.Build.0 = Release|Any CPU
		{3142261A-D601-43D8-B144-A17EE373D577}.Release|x64.ActiveCfg = Release|Any CPU
		{3142261A-D601-43D8-B144-A17EE373D577}.Release|x64.Build.0 = Release|Any CPU
		{3142261A-D601-43D8-B144-A17EE373D577}.Release|x86.ActiveCfg = Release|Any CPU
		{3142261A-D601-43D8-B144-A17EE373D577}.Release|x86.Build.0 = Release|Any CPU
	EndGlobalSection
	GlobalSection(SolutionProperties) = preSolution
		HideSolutionNode = FALSE
	EndGlobalSection
EndGlobal
